
Microsoft Visual Studio Solution File, Format Version 12.00
# Visual Studio Version 16
VisualStudioVersion = 16.0.29409.12
MinimumVisualStudioVersion = 10.0.40219.1
Project("{FAE04EC0-301F-11D3-BF4B-00C04F79EFBC}") = "GameBuilder", "GameBuilder\GameBuilder.csproj", "{94AB1433-70CE-4874-8B5F-F6C361BDF401}"
EndProject
Project("{8BC9CEB8-8B4A-11D0-8D11-00A0C91BC942}") = "EngineMain", "Source\EngineMain\EngineMain.vcxproj", "{1D27FC53-FCDE-4242-A296-952EC6BC2CA4}"
EndProject
Project("{8BC9CEB8-8B4A-11D0-8D11-00A0C91BC942}") = "EngineShared", "Source\EngineShared\EngineShared.vcxitems", "{26C11465-7D47-4410-A3B0-62EB1AE1BB3D}"
EndProject
Global
	GlobalSection(SolutionConfigurationPlatforms) = preSolution
		Debug|Any CPU = Debug|Any CPU
		Debug|x64 = Debug|x64
		Release|Any CPU = Release|Any CPU
		Release|x64 = Release|x64
	EndGlobalSection
	GlobalSection(ProjectConfigurationPlatforms) = postSolution
		{94AB1433-70CE-4874-8B5F-F6C361BDF401}.Debug|Any CPU.ActiveCfg = Debug|Any CPU
		{94AB1433-70CE-4874-8B5F-F6C361BDF401}.Debug|Any CPU.Build.0 = Debug|Any CPU
		{94AB1433-70CE-4874-8B5F-F6C361BDF401}.Debug|x64.ActiveCfg = Debug|Any CPU
		{94AB1433-70CE-4874-8B5F-F6C361BDF401}.Debug|x64.Build.0 = Debug|Any CPU
		{94AB1433-70CE-4874-8B5F-F6C361BDF401}.Release|Any CPU.ActiveCfg = Release|Any CPU
		{94AB1433-70CE-4874-8B5F-F6C361BDF401}.Release|Any CPU.Build.0 = Release|Any CPU
		{94AB1433-70CE-4874-8B5F-F6C361BDF401}.Release|x64.ActiveCfg = Release|Any CPU
		{94AB1433-70CE-4874-8B5F-F6C361BDF401}.Release|x64.Build.0 = Release|Any CPU
		{1D27FC53-FCDE-4242-A296-952EC6BC2CA4}.Debug|Any CPU.ActiveCfg = Debug|x64
		{1D27FC53-FCDE-4242-A296-952EC6BC2CA4}.Debug|x64.ActiveCfg = Debug|x64
		{1D27FC53-FCDE-4242-A296-952EC6BC2CA4}.Debug|x64.Build.0 = Debug|x64
		{1D27FC53-FCDE-4242-A296-952EC6BC2CA4}.Release|Any CPU.ActiveCfg = Release|Win32
		{1D27FC53-FCDE-4242-A296-952EC6BC2CA4}.Release|x64.ActiveCfg = Release|x64
		{1D27FC53-FCDE-4242-A296-952EC6BC2CA4}.Release|x64.Build.0 = Release|x64
	EndGlobalSection
	GlobalSection(SolutionProperties) = preSolution
		HideSolutionNode = FALSE
	EndGlobalSection
	GlobalSection(ExtensibilityGlobals) = postSolution
		SolutionGuid = {D05BB706-1F92-4580-853D-B271284B97FA}
	EndGlobalSection
EndGlobal
