<?xml version="1.0" encoding="utf-8"?>
<Project ToolsVersion="4.0" xmlns="http://schemas.microsoft.com/developer/msbuild/2003">
  <ItemGroup>
    <Filter Include="Source Files">
      <UniqueIdentifier>{4FC737F1-C7A5-4376-A066-2A32D752A2FF}</UniqueIdentifier>
      <Extensions>cpp;c;cc;cxx;def;odl;idl;hpj;bat;asm;asmx</Extensions>
    </Filter>
    <Filter Include="Header Files">
      <UniqueIdentifier>{93995380-89BD-4b04-88EB-625FBE52EBFB}</UniqueIdentifier>
      <Extensions>h;hh;hpp;hxx;hm;inl;inc;ipp;xsd</Extensions>
    </Filter>
    <Filter Include="Resource Files">
      <UniqueIdentifier>{67DA6AB6-F800-4c08-8B7A-83BB121AAD01}</UniqueIdentifier>
      <Extensions>rc;ico;cur;bmp;dlg;rc2;rct;bin;rgs;gif;jpg;jpeg;jpe;resx;tiff;tif;png;wav;mfcribbon-ms</Extensions>
    </Filter>
    <Filter Include="Source Files\RenderInterface">
      <UniqueIdentifier>{a2f9ab5c-3765-450a-836d-523ab84278d7}</UniqueIdentifier>
    </Filter>
    <Filter Include="Source Files\VulkanRI">
      <UniqueIdentifier>{473b1e45-8417-4d1d-961c-16c9f3726850}</UniqueIdentifier>
    </Filter>
    <Filter Include="Source Files\RenderApi">
      <UniqueIdentifier>{ccec6f64-bf6e-415a-b587-b88fe9677c12}</UniqueIdentifier>
    </Filter>
    <Filter Include="Source Files\Core">
      <UniqueIdentifier>{f26db967-47d8-45f8-8036-59914680e445}</UniqueIdentifier>
    </Filter>
    <Filter Include="Source Files\Core\Engine">
      <UniqueIdentifier>{72305220-4276-4f39-947c-c2d6bf449d81}</UniqueIdentifier>
    </Filter>
    <Filter Include="Source Files\Core\Platform">
      <UniqueIdentifier>{283a94f1-2dbd-4f00-978d-bc00d927760d}</UniqueIdentifier>
    </Filter>
    <Filter Include="Source Files\Core\Platform\Windows">
      <UniqueIdentifier>{987bc79b-4c72-475a-a49d-47e1f4181493}</UniqueIdentifier>
    </Filter>
    <Filter Include="Source Files\Core\String">
      <UniqueIdentifier>{89339160-03e2-4ff5-b57e-91c2b09ee482}</UniqueIdentifier>
    </Filter>
    <Filter Include="Source Files\VulkanRI\VulkanInternals">
      <UniqueIdentifier>{a289b78c-6eb2-41bd-8110-c28afd5be6bb}</UniqueIdentifier>
    </Filter>
    <Filter Include="Source Files\Core\Platform\LFS">
      <UniqueIdentifier>{047e9417-be5d-4aaa-909f-3ddee5ce91f2}</UniqueIdentifier>
    </Filter>
    <Filter Include="Source Files\Core\Platform\LFS\File">
      <UniqueIdentifier>{7aeee7fa-a882-41a7-8ce0-8c28df128e9a}</UniqueIdentifier>
    </Filter>
    <Filter Include="Source Files\Core\Platform\Windows\LFS">
      <UniqueIdentifier>{7af06ffb-4ab0-45d5-a13f-7b25b0e148fc}</UniqueIdentifier>
    </Filter>
    <Filter Include="Source Files\Core\Platform\Windows\LFS\File">
      <UniqueIdentifier>{66ef0fc6-e9d7-4263-b0ea-c3ce4f0ff1fc}</UniqueIdentifier>
    </Filter>
    <Filter Include="Source Files\Core\Logger">
      <UniqueIdentifier>{233548dd-71b8-405a-a97e-19725e951fb1}</UniqueIdentifier>
    </Filter>
    <Filter Include="Source Files\RenderInterface\Resources">
      <UniqueIdentifier>{6c0c1c3a-d2cc-47dc-996e-6f5a6bd1b017}</UniqueIdentifier>
    </Filter>
    <Filter Include="Source Files\VulkanRI\VulkanInternals\Platform">
      <UniqueIdentifier>{649608c4-5441-41a5-9a1f-b1a37e1ca2b0}</UniqueIdentifier>
    </Filter>
    <Filter Include="Source Files\VulkanRI\VulkanInternals\Platform\Windows">
      <UniqueIdentifier>{96e88e3f-8ceb-496a-9254-a071cbeacd32}</UniqueIdentifier>
    </Filter>
    <Filter Include="Source Files\VulkanRI\VulkanInternals\Resources">
      <UniqueIdentifier>{198ba463-e32b-426b-9152-c8af9b2c3534}</UniqueIdentifier>
    </Filter>
    <Filter Include="Source Files\VulkanRI\Resources">
      <UniqueIdentifier>{4f72822d-0d7f-4037-83d1-325f1ce276a3}</UniqueIdentifier>
    </Filter>
    <Filter Include="Header Files\Core">
      <UniqueIdentifier>{a51bb511-2059-4e2a-96c0-206bbc826738}</UniqueIdentifier>
    </Filter>
    <Filter Include="Header Files\Core\Engine">
      <UniqueIdentifier>{344b46ef-0a98-4678-b710-fb88e0838528}</UniqueIdentifier>
    </Filter>
    <Filter Include="Header Files\Core\Logger">
      <UniqueIdentifier>{228f1027-a6ba-4f0d-86f0-7cea8d2abf2d}</UniqueIdentifier>
    </Filter>
    <Filter Include="Header Files\Core\Memory">
      <UniqueIdentifier>{9e3962eb-685d-4445-82d5-bf29baf71e8d}</UniqueIdentifier>
    </Filter>
    <Filter Include="Header Files\Core\Platform">
      <UniqueIdentifier>{af338b59-9dec-40b8-ac20-5312378f1113}</UniqueIdentifier>
    </Filter>
    <Filter Include="Header Files\Core\Platform\LFS">
      <UniqueIdentifier>{8409fa63-81cc-4dfb-8b1f-5bfabf9fb72c}</UniqueIdentifier>
    </Filter>
    <Filter Include="Header Files\Core\String">
      <UniqueIdentifier>{6ef06f09-eb7c-4a4f-857a-9a435f31c491}</UniqueIdentifier>
    </Filter>
    <Filter Include="Header Files\Core\Types">
      <UniqueIdentifier>{8fed21e1-ca99-4fc9-b1a7-775c64ae5d11}</UniqueIdentifier>
    </Filter>
    <Filter Include="Header Files\RenderInterface">
      <UniqueIdentifier>{f7a92aa2-fd3b-4f17-91d6-3c0d9db1e370}</UniqueIdentifier>
    </Filter>
    <Filter Include="Header Files\RenderInterface\Resources">
      <UniqueIdentifier>{5ea359ba-5485-4c1a-bd69-8acb282a0543}</UniqueIdentifier>
    </Filter>
    <Filter Include="Header Files\Core\Math">
      <UniqueIdentifier>{116e92c4-dc5e-4cd7-8ec2-4a91af7a079f}</UniqueIdentifier>
    </Filter>
    <Filter Include="Source Files\Core\Platform\Windows\ErrorsAsserts">
      <UniqueIdentifier>{70b58375-8727-4808-9047-e476f6341df0}</UniqueIdentifier>
    </Filter>
    <Filter Include="Header Files\RenderInterface\Resources\Samplers">
      <UniqueIdentifier>{a6234363-4168-4734-bb43-84f19793f383}</UniqueIdentifier>
    </Filter>
    <Filter Include="Source Files\RenderInterface\Resources\Samplers">
      <UniqueIdentifier>{164c502a-daa0-4587-b7c8-9270afd35fec}</UniqueIdentifier>
    </Filter>
    <Filter Include="Source Files\Core\Types">
      <UniqueIdentifier>{298adeaf-cc90-4ca7-9419-0a0fe1f86f0b}</UniqueIdentifier>
    </Filter>
    <Filter Include="Header Files\Core\Engine\Config">
      <UniqueIdentifier>{9daeef9a-c42f-4e17-9458-b1cb2a6c83b8}</UniqueIdentifier>
    </Filter>
    <Filter Include="Source Files\Core\Engine\Config">
      <UniqueIdentifier>{0307cad9-dd9c-4b99-8176-e60270234690}</UniqueIdentifier>
    </Filter>
    <Filter Include="Source Files\RenderInterface\Resources\Shaders">
      <UniqueIdentifier>{4bece398-d6fd-45b3-bccd-78a0c3d761b0}</UniqueIdentifier>
    </Filter>
    <Filter Include="Header Files\RenderApi">
      <UniqueIdentifier>{13e41a8f-8be4-49c5-a36a-d5bac3a033f0}</UniqueIdentifier>
    </Filter>
    <Filter Include="Header Files\Core\Types\Textures">
      <UniqueIdentifier>{fd5770b0-262e-4813-96e2-3e3924d01f9a}</UniqueIdentifier>
    </Filter>
    <Filter Include="Source Files\Core\Types\Textures">
      <UniqueIdentifier>{b8516774-3f42-41e4-8cd4-2f3231345fd9}</UniqueIdentifier>
    </Filter>
    <Filter Include="Header Files\Core\Types\Delegates">
      <UniqueIdentifier>{5eea5864-e919-4196-88d8-6f57363bb5b4}</UniqueIdentifier>
    </Filter>
    <Filter Include="Source Files\Core\Types\Delegates">
      <UniqueIdentifier>{604c5a2a-c525-457e-a190-1359f87abe34}</UniqueIdentifier>
    </Filter>
    <Filter Include="Source Files\Core\Input">
      <UniqueIdentifier>{29418a0c-0c28-4ad0-b927-b19029b8a8b7}</UniqueIdentifier>
    </Filter>
    <Filter Include="Header Files\Core\Input">
      <UniqueIdentifier>{3aa3583c-6aa2-46c9-aac8-30dcebf819b1}</UniqueIdentifier>
    </Filter>
    <Filter Include="Source Files\Core\Input\Windows">
      <UniqueIdentifier>{fdb7ee59-9774-4d91-bd26-b1f2cd2c94ff}</UniqueIdentifier>
    </Filter>
    <Filter Include="Source Files\Core\Math">
      <UniqueIdentifier>{67fb5762-d084-4d58-a35d-47d73c536cdb}</UniqueIdentifier>
    </Filter>
    <Filter Include="Source Files\RenderInterface\ShaderCore">
      <UniqueIdentifier>{35177973-23ba-4d33-9e8d-7e41b460f8a1}</UniqueIdentifier>
    </Filter>
    <Filter Include="Header Files\RenderInterface\ShaderCore">
      <UniqueIdentifier>{9892a786-2ebc-49bf-9c99-399a9b4b89e1}</UniqueIdentifier>
    </Filter>
    <Filter Include="Header Files\Core\Reflections">
      <UniqueIdentifier>{5533aac3-e87c-4526-98f4-3a525bc40789}</UniqueIdentifier>
    </Filter>
    <Filter Include="Header Files\Assets">
      <UniqueIdentifier>{27b53354-78c9-45b7-aec0-ecd64a69141c}</UniqueIdentifier>
    </Filter>
    <Filter Include="Header Files\Assets\Asset">
      <UniqueIdentifier>{fd2d5cd9-7095-44a2-9bc5-7fbf139fa49d}</UniqueIdentifier>
    </Filter>
    <Filter Include="Source Files\Assets">
      <UniqueIdentifier>{c9367e8d-85fb-49c9-8750-23f0281c8060}</UniqueIdentifier>
    </Filter>
    <Filter Include="Source Files\Assets\Asset">
      <UniqueIdentifier>{56540d0a-bb4c-4ecc-9057-f171a10738a7}</UniqueIdentifier>
    </Filter>
    <Filter Include="Source Files\Assets\AssetLoader">
      <UniqueIdentifier>{fb112db9-4812-4f0e-a6cb-9d22d50c5010}</UniqueIdentifier>
    </Filter>
    <Filter Include="Source Files\RenderInterface\Rendering">
      <UniqueIdentifier>{084665af-fa8a-4349-b003-6111643e160e}</UniqueIdentifier>
    </Filter>
    <Filter Include="Header Files\RenderInterface\Rendering">
      <UniqueIdentifier>{2772513f-6fdf-471e-9eb4-6a9426428b95}</UniqueIdentifier>
    </Filter>
    <Filter Include="Source Files\VulkanRI\VulkanInternals\Commands">
      <UniqueIdentifier>{d8b5038d-9a6d-4787-acae-c409f6512335}</UniqueIdentifier>
    </Filter>
    <Filter Include="Source Files\Core\Types\Camera">
      <UniqueIdentifier>{29cf05da-3e18-4a1a-a98f-8f1bf623e2e2}</UniqueIdentifier>
    </Filter>
    <Filter Include="Header Files\Core\Types\Camera">
      <UniqueIdentifier>{6fe4cac8-c53c-4f67-bba3-3dc952b93fe7}</UniqueIdentifier>
    </Filter>
    <Filter Include="Source Files\Core\Memory">
      <UniqueIdentifier>{c334e766-ec89-4b07-92c7-8e125f4320ce}</UniqueIdentifier>
    </Filter>
    <Filter Include="Source Files\RenderApi\Scene">
      <UniqueIdentifier>{cbcd36b5-aa5b-44e7-b500-373c85401f61}</UniqueIdentifier>
    </Filter>
    <Filter Include="Source Files\VulkanRI\VulkanInternals\Rendering">
      <UniqueIdentifier>{ce14c2dd-2990-4cec-aacd-50788c5e5362}</UniqueIdentifier>
    </Filter>
    <Filter Include="Header Files\Core\Types\Patterns">
      <UniqueIdentifier>{14d931e2-0229-4a0b-a087-4df7b3658ce3}</UniqueIdentifier>
    </Filter>
    <Filter Include="Source Files\VulkanRI\VulkanInternals\ShaderCore">
      <UniqueIdentifier>{775e70a5-a0cc-44f3-87f4-5433596e280b}</UniqueIdentifier>
    </Filter>
    <Filter Include="Source Files\RenderApi\Material">
      <UniqueIdentifier>{a745f974-7586-4a79-82cc-92fdce36da77}</UniqueIdentifier>
    </Filter>
    <Filter Include="Source Files\RenderInterface\Resources\Shaders\Base">
      <UniqueIdentifier>{ff6e8378-dcd0-49f2-bb4d-7a7e8e66cfd8}</UniqueIdentifier>
    </Filter>
    <Filter Include="Source Files\RenderInterface\Resources\Shaders\EngineShaders">
      <UniqueIdentifier>{e80a7384-8730-4158-9e33-55b1a65be2de}</UniqueIdentifier>
    </Filter>
    <Filter Include="Source Files\Experimental">
      <UniqueIdentifier>{2914e851-ff20-4621-bb26-b0fd890b7e31}</UniqueIdentifier>
    </Filter>
  </ItemGroup>
  <ItemGroup>
    <ClCompile Include="StartMain.cpp">
      <Filter>Source Files</Filter>
    </ClCompile>
    <ClCompile Include="RenderInterface\GraphicsInstance.cpp">
      <Filter>Source Files\RenderInterface</Filter>
    </ClCompile>
    <ClCompile Include="VulkanRI\VulkanGraphicsInstance.cpp">
      <Filter>Source Files\VulkanRI</Filter>
    </ClCompile>
    <ClCompile Include="RenderApi\RenderApi.cpp">
      <Filter>Source Files\RenderApi</Filter>
    </ClCompile>
    <ClCompile Include="Core\Engine\GameEngine.cpp">
      <Filter>Source Files\Core\Engine</Filter>
    </ClCompile>
    <ClCompile Include="Core\String\String.cpp">
      <Filter>Source Files\Core\String</Filter>
    </ClCompile>
    <ClCompile Include="Core\Platform\Windows\WindowsPlatformFunctions.cpp">
      <Filter>Source Files\Core\Platform\Windows</Filter>
    </ClCompile>
    <ClCompile Include="VulkanRI\VulkanInternals\VulkanFunctions.cpp">
      <Filter>Source Files\VulkanRI\VulkanInternals</Filter>
    </ClCompile>
    <ClCompile Include="Core\Platform\ModuleManager.cpp">
      <Filter>Source Files\Core\Platform</Filter>
    </ClCompile>
    <ClCompile Include="Core\Platform\LFS\File\GenericFile.cpp">
      <Filter>Source Files\Core\Platform\LFS\File</Filter>
    </ClCompile>
    <ClCompile Include="Core\Platform\Windows\LFS\File\WindowsFileHandle.cpp">
      <Filter>Source Files\Core\Platform\Windows\LFS\File</Filter>
    </ClCompile>
    <ClCompile Include="Core\Platform\Windows\LFS\File\WindowsFile.cpp">
      <Filter>Source Files\Core\Platform\Windows\LFS\File</Filter>
    </ClCompile>
    <ClCompile Include="Core\Platform\Windows\LFS\WindowsFileSystemFunctions.cpp">
      <Filter>Source Files\Core\Platform\Windows\LFS</Filter>
    </ClCompile>
    <ClCompile Include="Core\Logger\Logger.cpp">
      <Filter>Source Files\Core\Logger</Filter>
    </ClCompile>
    <ClCompile Include="RenderInterface\Resources\GraphicsResources.cpp">
      <Filter>Source Files\RenderInterface\Resources</Filter>
    </ClCompile>
    <ClCompile Include="Core\Platform\Windows\WindowsAppWindow.cpp">
      <Filter>Source Files\Core\Platform\Windows</Filter>
    </ClCompile>
    <ClCompile Include="Core\Platform\GenericAppWindow.cpp">
      <Filter>Source Files\Core\Platform</Filter>
    </ClCompile>
    <ClCompile Include="Core\Platform\Windows\WindowsAppInstance.cpp">
      <Filter>Source Files\Core\Platform\Windows</Filter>
    </ClCompile>
    <ClCompile Include="VulkanRI\VulkanInternals\Platform\Windows\WindowsVulkanFunctions.cpp">
      <Filter>Source Files\VulkanRI\VulkanInternals\Platform\Windows</Filter>
    </ClCompile>
    <ClCompile Include="VulkanRI\VulkanInternals\VulkanDevice.cpp">
      <Filter>Source Files\VulkanRI\VulkanInternals</Filter>
    </ClCompile>
    <ClCompile Include="RenderInterface\Resources\QueueResource.cpp">
      <Filter>Source Files\RenderInterface\Resources</Filter>
    </ClCompile>
    <ClCompile Include="VulkanRI\VulkanInternals\Debugging.cpp">
      <Filter>Source Files\VulkanRI\VulkanInternals</Filter>
    </ClCompile>
    <ClCompile Include="Core\Engine\WindowManager.cpp">
      <Filter>Source Files\Core\Engine</Filter>
    </ClCompile>
    <ClCompile Include="RenderInterface\Resources\GenericWindowCanvas.cpp">
      <Filter>Source Files\RenderInterface\Resources</Filter>
    </ClCompile>
    <ClCompile Include="VulkanRI\VulkanInternals\Resources\VulkanWindowCanvas.cpp">
      <Filter>Source Files\VulkanRI\VulkanInternals\Resources</Filter>
    </ClCompile>
    <ClCompile Include="VulkanRI\VulkanGraphicsHelper.cpp">
      <Filter>Source Files\VulkanRI</Filter>
    </ClCompile>
    <ClCompile Include="RenderInterface\Resources\GraphicsTimelineSemaphore.cpp">
      <Filter>Source Files\RenderInterface\Resources</Filter>
    </ClCompile>
    <ClCompile Include="RenderInterface\Resources\GraphicsSyncResource.cpp">
      <Filter>Source Files\RenderInterface\Resources</Filter>
    </ClCompile>
    <ClCompile Include="VulkanRI\VulkanInternals\Resources\VulkanSyncResource.cpp">
      <Filter>Source Files\VulkanRI\VulkanInternals\Resources</Filter>
    </ClCompile>
    <ClCompile Include="Core\Platform\Windows\ErrorsAsserts\WindowsErrorHandler.cpp">
      <Filter>Source Files\Core\Platform\Windows\ErrorsAsserts</Filter>
    </ClCompile>
    <ClCompile Include="Core\Platform\PlatformAssertionErrors.cpp">
      <Filter>Source Files\Core\Platform</Filter>
    </ClCompile>
    <ClCompile Include="VulkanRI\VulkanInternals\VulkanMemoryAllocator.cpp">
      <Filter>Source Files\VulkanRI\VulkanInternals</Filter>
    </ClCompile>
    <ClCompile Include="RenderInterface\Resources\MemoryResources.cpp">
      <Filter>Source Files\RenderInterface\Resources</Filter>
    </ClCompile>
    <ClCompile Include="VulkanRI\VulkanInternals\Resources\VulkanMemoryResources.cpp">
      <Filter>Source Files\VulkanRI\VulkanInternals\Resources</Filter>
    </ClCompile>
    <ClCompile Include="VulkanRI\VulkanInternals\VulkanGraphicsTypes.cpp">
      <Filter>Source Files\VulkanRI\VulkanInternals</Filter>
    </ClCompile>
    <ClCompile Include="VulkanRI\Resources\VulkanBufferResources.cpp">
      <Filter>Source Files\VulkanRI\Resources</Filter>
    </ClCompile>
    <ClCompile Include="VulkanRI\Resources\VulkanImageResources.cpp">
      <Filter>Source Files\VulkanRI\Resources</Filter>
    </ClCompile>
    <ClCompile Include="RenderInterface\Resources\Samplers\SamplerInterface.cpp">
      <Filter>Source Files\RenderInterface\Resources\Samplers</Filter>
    </ClCompile>
    <ClCompile Include="VulkanRI\VulkanInternals\Resources\VulkanSampler.cpp">
      <Filter>Source Files\VulkanRI\VulkanInternals\Resources</Filter>
    </ClCompile>
    <ClCompile Include="Core\Types\Colors.cpp">
      <Filter>Source Files\Core\Types</Filter>
    </ClCompile>
    <ClCompile Include="RenderInterface\GlobalRenderVariables.cpp">
      <Filter>Source Files\RenderInterface</Filter>
    </ClCompile>
    <ClCompile Include="RenderInterface\Resources\ShaderResources.cpp">
      <Filter>Source Files\RenderInterface\Resources</Filter>
    </ClCompile>
    <ClCompile Include="VulkanRI\Resources\VulkanShaderResources.cpp">
      <Filter>Source Files\VulkanRI\Resources</Filter>
    </ClCompile>
    <ClCompile Include="RenderInterface\Shaders\DrawQuadFromInputAttachment.cpp">
      <Filter>Source Files\RenderInterface\Resources\Shaders</Filter>
    </ClCompile>
    <ClCompile Include="Core\Types\Time.cpp">
      <Filter>Source Files\Core\Types</Filter>
    </ClCompile>
    <ClCompile Include="RenderApi\GBuffersAndTextures.cpp">
      <Filter>Source Files\RenderApi</Filter>
    </ClCompile>
    <ClCompile Include="Core\Types\Textures\RenderTargetTextures.cpp">
      <Filter>Source Files\Core\Types\Textures</Filter>
    </ClCompile>
    <ClCompile Include="Core\Types\Textures\Texture2D.cpp">
      <Filter>Source Files\Core\Types\Textures</Filter>
    </ClCompile>
    <ClCompile Include="Core\Types\Delegates\Delegate.cpp">
      <Filter>Source Files\Core\Types\Delegates</Filter>
    </ClCompile>
    <ClCompile Include="Core\Engine\Config\EngineGlobalConfigs.cpp">
      <Filter>Source Files\Core\Engine\Config</Filter>
    </ClCompile>
    <ClCompile Include="Core\Input\Keys.cpp">
      <Filter>Source Files\Core\Input</Filter>
    </ClCompile>
    <ClCompile Include="Core\Input\InputSystem.cpp">
      <Filter>Source Files\Core\Input</Filter>
    </ClCompile>
    <ClCompile Include="Core\Math\Vector2D.cpp">
      <Filter>Source Files\Core\Math</Filter>
    </ClCompile>
    <ClCompile Include="Core\Math\Vector3D.cpp">
      <Filter>Source Files\Core\Math</Filter>
    </ClCompile>
    <ClCompile Include="Core\Math\Matrix2.cpp">
      <Filter>Source Files\Core\Math</Filter>
    </ClCompile>
    <ClCompile Include="Core\Math\Matrix3.cpp">
      <Filter>Source Files\Core\Math</Filter>
    </ClCompile>
    <ClCompile Include="Core\Math\Vector4D.cpp">
      <Filter>Source Files\Core\Math</Filter>
    </ClCompile>
    <ClCompile Include="Core\Math\Matrix4.cpp">
      <Filter>Source Files\Core\Math</Filter>
    </ClCompile>
    <ClCompile Include="Core\Math\Rotation.cpp">
      <Filter>Source Files\Core\Math</Filter>
    </ClCompile>
    <ClCompile Include="Core\Types\Transform3D.cpp">
      <Filter>Source Files\Core\Types</Filter>
    </ClCompile>
    <ClCompile Include="Core\Math\RotationMatrix.cpp">
      <Filter>Source Files\Core\Math</Filter>
    </ClCompile>
    <ClCompile Include="RenderInterface\ShaderCore\ShaderInputOutput.cpp">
      <Filter>Source Files\RenderInterface\ShaderCore</Filter>
    </ClCompile>
    <ClCompile Include="VulkanRI\VulkanInternals\VulkanDescriptorAllocator.cpp">
      <Filter>Source Files\VulkanRI\VulkanInternals</Filter>
    </ClCompile>
    <ClCompile Include="RenderInterface\ShaderCore\ShaderParameters.cpp">
      <Filter>Source Files\RenderInterface\ShaderCore</Filter>
    </ClCompile>
    <ClCompile Include="Assets\AssetLoaderLibrary.cpp">
      <Filter>Source Files\Assets</Filter>
    </ClCompile>
    <ClCompile Include="Assets\AssetsManager.cpp">
      <Filter>Source Files\Assets</Filter>
    </ClCompile>
    <ClCompile Include="Assets\Asset\StaticMeshAsset.cpp">
      <Filter>Source Files\Assets\Asset</Filter>
    </ClCompile>
    <ClCompile Include="Assets\Asset\MeshAsset.cpp">
      <Filter>Source Files\Assets\Asset</Filter>
    </ClCompile>
    <ClCompile Include="Assets\AssetLoader\StaticMeshLoader.cpp">
      <Filter>Source Files\Assets\AssetLoader</Filter>
    </ClCompile>
    <ClCompile Include="Assets\Asset\AssetObject.cpp">
      <Filter>Source Files\Assets\Asset</Filter>
    </ClCompile>
    <ClCompile Include="RenderInterface\Rendering\RenderCommandList.cpp">
      <Filter>Source Files\RenderInterface\Rendering</Filter>
    </ClCompile>
    <ClCompile Include="RenderInterface\Shaders\DrawQuadFromTexture.cpp">
      <Filter>Source Files\RenderInterface\Resources\Shaders</Filter>
    </ClCompile>
    <ClCompile Include="VulkanRI\VulkanInternals\Commands\VulkanRenderCmdList.cpp">
      <Filter>Source Files\VulkanRI\VulkanInternals\Commands</Filter>
    </ClCompile>
    <ClCompile Include="VulkanRI\VulkanInternals\Commands\VulkanCommandBufferManager.cpp">
      <Filter>Source Files\VulkanRI\VulkanInternals\Commands</Filter>
    </ClCompile>
    <ClCompile Include="Core\Types\Textures\TexturesBase.cpp">
      <Filter>Source Files\Core\Types\Textures</Filter>
    </ClCompile>
    <ClCompile Include="Core\Types\Camera\Camera.cpp">
      <Filter>Source Files\Core\Types\Camera</Filter>
    </ClCompile>
    <ClCompile Include="Core\Memory\EndianFunctionsImpl.cpp">
      <Filter>Source Files\Core\Memory</Filter>
    </ClCompile>
    <ClCompile Include="Assets\AssetLoader\TextureLoader.cpp">
      <Filter>Source Files\Assets\AssetLoader</Filter>
    </ClCompile>
    <ClCompile Include="Assets\Asset\TextureAsset.cpp">
      <Filter>Source Files\Assets\Asset</Filter>
    </ClCompile>
    <ClCompile Include="RenderInterface\ShaderCore\ShaderObjectBase.cpp">
      <Filter>Source Files\RenderInterface\ShaderCore</Filter>
    </ClCompile>
    <ClCompile Include="RenderApi\Scene\RenderScene.cpp">
      <Filter>Source Files\RenderApi\Scene</Filter>
    </ClCompile>
    <ClCompile Include="RenderApi\VertexData.cpp">
      <Filter>Source Files\RenderApi</Filter>
    </ClCompile>
    <ClCompile Include="RenderInterface\ShaderCore\ShaderParameterUtility.cpp">
      <Filter>Source Files\RenderInterface\ShaderCore</Filter>
    </ClCompile>
    <ClCompile Include="RenderInterface\Rendering\RenderingContexts.cpp">
      <Filter>Source Files\RenderInterface\Rendering</Filter>
    </ClCompile>
    <ClCompile Include="VulkanRI\VulkanInternals\Rendering\VulkanRenderingContexts.cpp">
      <Filter>Source Files\VulkanRI\VulkanInternals\Rendering</Filter>
    </ClCompile>
    <ClCompile Include="VulkanRI\VulkanInternals\ShaderCore\VulkanShaderParamResources.cpp">
      <Filter>Source Files\VulkanRI\VulkanInternals\ShaderCore</Filter>
    </ClCompile>
    <ClCompile Include="RenderApi\Material\MaterialCommonUniforms.cpp">
      <Filter>Source Files\RenderApi\Material</Filter>
    </ClCompile>
    <ClCompile Include="VulkanRI\VulkanInternals\ShaderCore\VulkanShaderParamResourcesFactory.cpp">
      <Filter>Source Files\VulkanRI\VulkanInternals\ShaderCore</Filter>
    </ClCompile>
    <ClCompile Include="RenderInterface\ShaderCore\ShaderParameterResources.cpp">
      <Filter>Source Files\RenderInterface\ShaderCore</Filter>
    </ClCompile>
    <ClCompile Include="RenderInterface\Resources\Pipelines.cpp">
      <Filter>Source Files\RenderInterface\Resources</Filter>
    </ClCompile>
    <ClCompile Include="VulkanRI\VulkanInternals\Resources\VulkanPipelines.cpp">
      <Filter>Source Files\VulkanRI\VulkanInternals\Resources</Filter>
    </ClCompile>
    <ClCompile Include="RenderInterface\ShaderCore\ShaderObjectFactory.cpp">
      <Filter>Source Files\RenderInterface\ShaderCore</Filter>
    </ClCompile>
    <ClCompile Include="RenderInterface\Shaders\EngineShaders\DefaultShader.cpp">
      <Filter>Source Files\RenderInterface\Resources\Shaders\EngineShaders</Filter>
    </ClCompile>
    <ClCompile Include="VulkanRI\VulkanInternals\VulkanFrameBuffer.cpp">
      <Filter>Source Files\VulkanRI\VulkanInternals</Filter>
    </ClCompile>
    <ClCompile Include="RenderInterface\Rendering\FramebufferTypes.cpp">
      <Filter>Source Files\RenderInterface\Rendering</Filter>
    </ClCompile>
    <ClCompile Include="RenderInterface\Shaders\Base\BaseShaderDefines.cpp">
      <Filter>Source Files\RenderInterface\Resources\Shaders\Base</Filter>
    </ClCompile>
    <ClCompile Include="Experimental\ExperimentalEngine.cpp">
      <Filter>Source Files\Experimental</Filter>
    </ClCompile>
    <ClCompile Include="Core\Input\Windows\WindowsDevices.cpp">
      <Filter>Source Files\Core\Input\Windows</Filter>
    </ClCompile>
    <ClCompile Include="Core\Input\Windows\WindowsRawInputBuffer.cpp">
      <Filter>Source Files\Core\Input\Windows</Filter>
    </ClCompile>
  </ItemGroup>
  <ItemGroup>
    <ClInclude Include="RenderInterface\GraphicsIntance.h">
      <Filter>Source Files\RenderInterface</Filter>
    </ClInclude>
    <ClInclude Include="VulkanRI\VulkanGraphicsInstance.h">
      <Filter>Source Files\VulkanRI</Filter>
    </ClInclude>
    <ClInclude Include="Core\Memory\SmartPointers.h">
      <Filter>Header Files\Core\Memory</Filter>
    </ClInclude>
    <ClInclude Include="Core\Platform\Windows\WindowsPlatformTypes.h">
      <Filter>Source Files\Core\Platform\Windows</Filter>
    </ClInclude>
    <ClInclude Include="Core\Platform\Windows\WindowsPlatformFunctions.h">
      <Filter>Source Files\Core\Platform\Windows</Filter>
    </ClInclude>
    <ClInclude Include="VulkanRI\VulkanInternals\VulkanFunctions.h">
      <Filter>Source Files\VulkanRI\VulkanInternals</Filter>
    </ClInclude>
    <ClInclude Include="VulkanRI\VulkanGraphicsTypes.h">
      <Filter>Source Files\VulkanRI</Filter>
    </ClInclude>
    <ClInclude Include="Core\Platform\LFS\File\GenericFileHandle.h">
      <Filter>Source Files\Core\Platform\LFS\File</Filter>
    </ClInclude>
    <ClInclude Include="Core\Platform\Windows\LFS\File\WindowsFileHandle.h">
      <Filter>Source Files\Core\Platform\Windows\LFS\File</Filter>
    </ClInclude>
    <ClInclude Include="Core\Platform\Windows\LFS\File\WindowsFile.h">
      <Filter>Source Files\Core\Platform\Windows\LFS\File</Filter>
    </ClInclude>
    <ClInclude Include="Core\Platform\LFS\GenericFileSystemFunctions.h">
      <Filter>Source Files\Core\Platform\LFS</Filter>
    </ClInclude>
    <ClInclude Include="Core\Platform\Windows\LFS\WindowsFileSystemFunctions.h">
      <Filter>Source Files\Core\Platform\Windows\LFS</Filter>
    </ClInclude>
    <ClInclude Include="VulkanRI\VulkanInternals\VulkanMacros.h">
      <Filter>Source Files\VulkanRI\VulkanInternals</Filter>
    </ClInclude>
    <ClInclude Include="Core\Platform\Windows\WindowsAppInstance.h">
      <Filter>Source Files\Core\Platform\Windows</Filter>
    </ClInclude>
    <ClInclude Include="Core\Platform\GenericAppWindow.h">
      <Filter>Source Files\Core\Platform</Filter>
    </ClInclude>
    <ClInclude Include="Core\Platform\Windows\WindowsAppWindow.h">
      <Filter>Source Files\Core\Platform\Windows</Filter>
    </ClInclude>
    <ClInclude Include="Core\Types\Functions.h">
      <Filter>Header Files\Core\Types</Filter>
    </ClInclude>
    <ClInclude Include="VulkanRI\VulkanInternals\Platform\GenericVulkanFunctions.h">
      <Filter>Source Files\VulkanRI\VulkanInternals\Platform</Filter>
    </ClInclude>
    <ClInclude Include="VulkanRI\VulkanInternals\Platform\PlatformVulkanFunctions.h">
      <Filter>Source Files\VulkanRI\VulkanInternals\Platform</Filter>
    </ClInclude>
    <ClInclude Include="VulkanRI\VulkanInternals\Platform\Windows\WindowsVulkanFunctions.h">
      <Filter>Source Files\VulkanRI\VulkanInternals\Platform\Windows</Filter>
    </ClInclude>
    <ClInclude Include="VulkanRI\VulkanInternals\VulkanDevice.h">
      <Filter>Source Files\VulkanRI\VulkanInternals</Filter>
    </ClInclude>
    <ClInclude Include="RenderInterface\Resources\QueueResource.h">
      <Filter>Source Files\RenderInterface\Resources</Filter>
    </ClInclude>
    <ClInclude Include="VulkanRI\VulkanInternals\Resources\VulkanQueueResource.h">
      <Filter>Source Files\VulkanRI\VulkanInternals\Resources</Filter>
    </ClInclude>
    <ClInclude Include="VulkanRI\Resources\IVulkanResources.h">
      <Filter>Source Files\VulkanRI\Resources</Filter>
    </ClInclude>
    <ClInclude Include="VulkanRI\VulkanInternals\Debugging.h">
      <Filter>Source Files\VulkanRI\VulkanInternals</Filter>
    </ClInclude>
    <ClInclude Include="Core\Engine\GameEngine.h">
      <Filter>Header Files\Core\Engine</Filter>
    </ClInclude>
    <ClInclude Include="Core\Logger\Logger.h">
      <Filter>Header Files\Core\Logger</Filter>
    </ClInclude>
    <ClInclude Include="Core\Platform\ModuleManager.h">
      <Filter>Header Files\Core\Platform</Filter>
    </ClInclude>
    <ClInclude Include="Core\Platform\PlatformTypes.h">
      <Filter>Header Files\Core\Platform</Filter>
    </ClInclude>
    <ClInclude Include="Core\Platform\PlatformFunctions.h">
      <Filter>Header Files\Core\Platform</Filter>
    </ClInclude>
    <ClInclude Include="Core\Platform\PlatformInstances.h">
      <Filter>Header Files\Core\Platform</Filter>
    </ClInclude>
    <ClInclude Include="Core\Platform\GenericPlatformTypes.h">
      <Filter>Header Files\Core\Platform</Filter>
    </ClInclude>
    <ClInclude Include="Core\Platform\GenericPlatformFunctions.h">
      <Filter>Header Files\Core\Platform</Filter>
    </ClInclude>
    <ClInclude Include="Core\Platform\GenericAppInstance.h">
      <Filter>Header Files\Core\Platform</Filter>
    </ClInclude>
    <ClInclude Include="Core\Platform\LFS\File\GenericFile.h">
      <Filter>Header Files\Core\Platform\LFS</Filter>
    </ClInclude>
    <ClInclude Include="Core\Platform\LFS\PlatformLFS.h">
      <Filter>Header Files\Core\Platform\LFS</Filter>
    </ClInclude>
    <ClInclude Include="Core\String\String.h">
      <Filter>Header Files\Core\String</Filter>
    </ClInclude>
    <ClInclude Include="RenderInterface\Resources\GraphicsResources.h">
      <Filter>Header Files\RenderInterface\Resources</Filter>
    </ClInclude>
    <ClInclude Include="RenderInterface\PlatformIndependentHeaders.h">
      <Filter>Header Files\RenderInterface</Filter>
    </ClInclude>
    <ClInclude Include="Core\Engine\WindowManager.h">
      <Filter>Header Files\Core\Engine</Filter>
    </ClInclude>
    <ClInclude Include="RenderInterface\Resources\GenericWindowCanvas.h">
      <Filter>Source Files\RenderInterface\Resources</Filter>
    </ClInclude>
    <ClInclude Include="VulkanRI\VulkanInternals\Resources\VulkanWindowCanvas.h">
      <Filter>Source Files\VulkanRI\VulkanInternals\Resources</Filter>
    </ClInclude>
    <ClInclude Include="RenderInterface\PlatformIndependentHelper.h">
      <Filter>Header Files\RenderInterface</Filter>
    </ClInclude>
    <ClInclude Include="RenderInterface\GraphicsHelper.h">
      <Filter>Header Files\RenderInterface</Filter>
    </ClInclude>
    <ClInclude Include="VulkanRI\VulkanGraphicsHelper.h">
      <Filter>Source Files\VulkanRI</Filter>
    </ClInclude>
    <ClInclude Include="RenderInterface\Resources\GraphicsSyncResource.h">
      <Filter>Header Files\RenderInterface\Resources</Filter>
    </ClInclude>
    <ClInclude Include="VulkanRI\VulkanInternals\Resources\VulkanSyncResource.h">
      <Filter>Source Files\VulkanRI\VulkanInternals\Resources</Filter>
    </ClInclude>
    <ClInclude Include="Core\Platform\PlatformAssertionErrors.h">
      <Filter>Header Files\Core\Platform</Filter>
    </ClInclude>
    <ClInclude Include="Core\Platform\Windows\ErrorsAsserts\WindowsErrorHandler.h">
      <Filter>Source Files\Core\Platform\Windows\ErrorsAsserts</Filter>
    </ClInclude>
    <ClInclude Include="VulkanRI\VulkanInternals\VulkanMemoryAllocator.h">
      <Filter>Source Files\VulkanRI\VulkanInternals</Filter>
    </ClInclude>
    <ClInclude Include="RenderInterface\Resources\MemoryResources.h">
      <Filter>Header Files\RenderInterface\Resources</Filter>
    </ClInclude>
    <ClInclude Include="VulkanRI\VulkanInternals\Resources\VulkanMemoryResources.h">
      <Filter>Source Files\VulkanRI\VulkanInternals\Resources</Filter>
    </ClInclude>
    <ClInclude Include="Core\Math\CoreMathTypedefs.h">
      <Filter>Header Files\Core\Math</Filter>
    </ClInclude>
    <ClInclude Include="VulkanRI\Resources\VulkanBufferResources.h">
      <Filter>Source Files\VulkanRI\Resources</Filter>
    </ClInclude>
    <ClInclude Include="VulkanRI\Resources\VulkanImageResources.h">
      <Filter>Source Files\VulkanRI\Resources</Filter>
    </ClInclude>
    <ClInclude Include="RenderInterface\Resources\Samplers\SamplerInterface.h">
      <Filter>Header Files\RenderInterface\Resources\Samplers</Filter>
    </ClInclude>
    <ClInclude Include="VulkanRI\VulkanInternals\Resources\VulkanSampler.h">
      <Filter>Source Files\VulkanRI\VulkanInternals\Resources</Filter>
    </ClInclude>
    <ClInclude Include="RenderInterface\PlatformIndependentGraphicsTypes.h">
      <Filter>Header Files\RenderInterface</Filter>
    </ClInclude>
    <ClInclude Include="Core\Types\Colors.h">
      <Filter>Header Files\Core\Types</Filter>
    </ClInclude>
    <ClInclude Include="Core\Types\HashTypes.h">
      <Filter>Header Files\Core\Types</Filter>
    </ClInclude>
    <ClInclude Include="RenderInterface\GlobalRenderVariables.h">
      <Filter>Header Files\RenderInterface</Filter>
    </ClInclude>
    <ClInclude Include="RenderInterface\Resources\ShaderResources.h">
      <Filter>Header Files\RenderInterface\Resources</Filter>
    </ClInclude>
    <ClInclude Include="VulkanRI\Resources\VulkanShaderResources.h">
      <Filter>Source Files\VulkanRI\Resources</Filter>
    </ClInclude>
    <ClInclude Include="Core\Types\Time.h">
      <Filter>Header Files\Core\Types</Filter>
    </ClInclude>
    <ClInclude Include="RenderApi\GBuffersAndTextures.h">
      <Filter>Source Files\RenderApi</Filter>
    </ClInclude>
    <ClInclude Include="Core\Types\Textures\RenderTargetTextures.h">
      <Filter>Header Files\Core\Types\Textures</Filter>
    </ClInclude>
    <ClInclude Include="Core\Types\Textures\Texture2D.h">
      <Filter>Header Files\Core\Types\Textures</Filter>
    </ClInclude>
    <ClInclude Include="Core\Types\Textures\TexturesBase.h">
      <Filter>Header Files\Core\Types\Textures</Filter>
    </ClInclude>
    <ClInclude Include="Core\Types\Delegates\Delegate.h">
      <Filter>Header Files\Core\Types\Delegates</Filter>
    </ClInclude>
    <ClInclude Include="Core\Engine\Config\EngineVariableTypes.h">
      <Filter>Header Files\Core\Engine\Config</Filter>
    </ClInclude>
    <ClInclude Include="Core\Engine\Config\EngineGlobalConfigs.h">
      <Filter>Source Files\Core\Engine\Config</Filter>
    </ClInclude>
    <ClInclude Include="Core\Input\Windows\WindowsKeyCodes.h">
      <Filter>Source Files\Core\Input\Windows</Filter>
    </ClInclude>
    <ClInclude Include="Core\Input\Keys.h">
      <Filter>Header Files\Core\Input</Filter>
    </ClInclude>
    <ClInclude Include="Core\Input\InputSystem.h">
      <Filter>Header Files\Core\Input</Filter>
    </ClInclude>
    <ClInclude Include="Core\Math\Math.h">
      <Filter>Header Files\Core\Math</Filter>
    </ClInclude>
    <ClInclude Include="Core\Types\CoreDefines.h">
      <Filter>Header Files\Core\Types</Filter>
    </ClInclude>
    <ClInclude Include="Core\Math\Vector2D.h">
      <Filter>Header Files\Core\Math</Filter>
    </ClInclude>
    <ClInclude Include="Core\Math\Vector3D.h">
      <Filter>Header Files\Core\Math</Filter>
    </ClInclude>
    <ClInclude Include="Core\Math\Matrix2.h">
      <Filter>Header Files\Core\Math</Filter>
    </ClInclude>
    <ClInclude Include="Core\Math\Matrix3.h">
      <Filter>Header Files\Core\Math</Filter>
    </ClInclude>
    <ClInclude Include="Core\Math\Matrix4.h">
      <Filter>Header Files\Core\Math</Filter>
    </ClInclude>
    <ClInclude Include="Core\Math\Rotation.h">
      <Filter>Header Files\Core\Math</Filter>
    </ClInclude>
    <ClInclude Include="Core\Math\Vector4D.h">
      <Filter>Header Files\Core\Math</Filter>
    </ClInclude>
    <ClInclude Include="Core\Types\Transform3D.h">
      <Filter>Header Files\Core\Types</Filter>
    </ClInclude>
    <ClInclude Include="Core\Math\RotationMatrix.h">
      <Filter>Header Files\Core\Math</Filter>
    </ClInclude>
    <ClInclude Include="RenderInterface\ShaderCore\ShaderInputOutput.h">
      <Filter>Header Files\RenderInterface\ShaderCore</Filter>
    </ClInclude>
    <ClInclude Include="VulkanRI\VulkanInternals\VulkanDescriptorAllocator.h">
      <Filter>Source Files\VulkanRI\VulkanInternals</Filter>
    </ClInclude>
    <ClInclude Include="RenderInterface\ShaderCore\ShaderParameters.h">
      <Filter>Header Files\RenderInterface\ShaderCore</Filter>
    </ClInclude>
    <ClInclude Include="Core\Reflections\MemberField.h">
      <Filter>Header Files\Core\Reflections</Filter>
    </ClInclude>
    <ClInclude Include="Assets\AssetLoaderLibrary.h">
      <Filter>Header Files\Assets</Filter>
    </ClInclude>
    <ClInclude Include="Assets\AssetsManager.h">
      <Filter>Header Files\Assets</Filter>
    </ClInclude>
    <ClInclude Include="Assets\AssetLoader\StaticMeshLoader.h">
      <Filter>Source Files\Assets\AssetLoader</Filter>
    </ClInclude>
    <ClInclude Include="Assets\Asset\AssetHeader.h">
      <Filter>Header Files\Assets\Asset</Filter>
    </ClInclude>
    <ClInclude Include="Assets\Asset\AssetObject.h">
      <Filter>Header Files\Assets\Asset</Filter>
    </ClInclude>
    <ClInclude Include="Assets\Asset\StaticMeshAsset.h">
      <Filter>Header Files\Assets\Asset</Filter>
    </ClInclude>
    <ClInclude Include="Assets\Asset\MeshAsset.h">
      <Filter>Header Files\Assets\Asset</Filter>
    </ClInclude>
    <ClInclude Include="RenderApi\RenderApi.h">
      <Filter>Header Files\RenderApi</Filter>
    </ClInclude>
    <ClInclude Include="RenderInterface\Rendering\IRenderCommandList.h">
      <Filter>Header Files\RenderInterface\Rendering</Filter>
    </ClInclude>
    <ClInclude Include="VulkanRI\VulkanInternals\Commands\VulkanCommandBufferManager.h">
      <Filter>Source Files\VulkanRI\VulkanInternals\Commands</Filter>
    </ClInclude>
    <ClInclude Include="VulkanRI\VulkanInternals\Commands\VulkanRenderCmdList.h">
      <Filter>Source Files\VulkanRI\VulkanInternals\Commands</Filter>
    </ClInclude>
    <ClInclude Include="Core\Types\Camera\Camera.h">
      <Filter>Header Files\Core\Types\Camera</Filter>
    </ClInclude>
    <ClInclude Include="RenderInterface\Rendering\CommandBuffer.h">
      <Filter>Header Files\RenderInterface\Rendering</Filter>
    </ClInclude>
    <ClInclude Include="RenderInterface\CoreGraphicsTypes.h">
      <Filter>Header Files\RenderInterface</Filter>
    </ClInclude>
    <ClInclude Include="Core\Platform\PlatformDefines.h">
      <Filter>Header Files\Core\Platform</Filter>
    </ClInclude>
    <ClInclude Include="Core\Platform\Windows\WindowsPlatformDefines.h">
      <Filter>Source Files\Core\Platform\Windows</Filter>
    </ClInclude>
    <ClInclude Include="Core\Math\Box.h">
      <Filter>Header Files\Core\Math</Filter>
    </ClInclude>
    <ClInclude Include="Core\Math\Grid.h">
      <Filter>Header Files\Core\Math</Filter>
    </ClInclude>
    <ClInclude Include="Core\Math\VectorND.h">
      <Filter>Header Files\Core\Math</Filter>
    </ClInclude>
    <ClInclude Include="Assets\AssetLoader\TextureLoader.h">
      <Filter>Source Files\Assets\AssetLoader</Filter>
    </ClInclude>
    <ClInclude Include="Assets\Asset\TextureAsset.h">
      <Filter>Header Files\Assets\Asset</Filter>
    </ClInclude>
    <ClInclude Include="RenderInterface\Rendering\RenderingContexts.h">
      <Filter>Header Files\RenderInterface\Rendering</Filter>
    </ClInclude>
    <ClInclude Include="RenderInterface\Rendering\FramebufferTypes.h">
      <Filter>Header Files\RenderInterface\Rendering</Filter>
    </ClInclude>
    <ClInclude Include="RenderInterface\ShaderCore\ShaderObject.h">
      <Filter>Header Files\RenderInterface\ShaderCore</Filter>
    </ClInclude>
    <ClInclude Include="RenderApi\Scene\RenderScene.h">
      <Filter>Source Files\RenderApi\Scene</Filter>
    </ClInclude>
    <ClInclude Include="RenderApi\VertexData.h">
      <Filter>Source Files\RenderApi</Filter>
    </ClInclude>
    <ClInclude Include="RenderInterface\ShaderCore\ShaderParameterUtility.h">
      <Filter>Source Files\RenderInterface\ShaderCore</Filter>
    </ClInclude>
    <ClInclude Include="VulkanRI\VulkanInternals\Rendering\VulkanRenderingContexts.h">
      <Filter>Source Files\VulkanRI\VulkanInternals\Rendering</Filter>
    </ClInclude>
    <ClInclude Include="Core\Types\Patterns\FactoriesBase.h">
      <Filter>Header Files\Core\Types\Patterns</Filter>
    </ClInclude>
    <ClInclude Include="VulkanRI\VulkanInternals\ShaderCore\VulkanShaderParamResources.h">
      <Filter>Source Files\VulkanRI\VulkanInternals\ShaderCore</Filter>
    </ClInclude>
    <ClInclude Include="RenderApi\Material\MaterialCommonUniforms.h">
      <Filter>Source Files\RenderApi\Material</Filter>
    </ClInclude>
    <ClInclude Include="RenderInterface\Shaders\Base\DrawMeshShader.h">
      <Filter>Source Files\RenderInterface\Resources\Shaders\Base</Filter>
    </ClInclude>
    <ClInclude Include="RenderInterface\Shaders\Base\UtilityShaders.h">
      <Filter>Source Files\RenderInterface\Resources\Shaders\Base</Filter>
    </ClInclude>
    <ClInclude Include="VulkanRI\VulkanInternals\ShaderCore\VulkanShaderParamResourcesFactory.h">
      <Filter>Source Files\VulkanRI\VulkanInternals\ShaderCore</Filter>
    </ClInclude>
    <ClInclude Include="RenderInterface\ShaderCore\ShaderParameterResources.h">
      <Filter>Source Files\RenderInterface\ShaderCore</Filter>
    </ClInclude>
    <ClInclude Include="RenderInterface\Resources\Pipelines.h">
      <Filter>Header Files\RenderInterface\Resources</Filter>
    </ClInclude>
    <ClInclude Include="VulkanRI\VulkanInternals\Resources\VulkanPipelines.h">
      <Filter>Source Files\VulkanRI\VulkanInternals\Resources</Filter>
    </ClInclude>
    <ClInclude Include="RenderInterface\ShaderCore\ShaderObjectFactory.h">
      <Filter>Source Files\RenderInterface\ShaderCore</Filter>
    </ClInclude>
    <ClInclude Include="RenderInterface\Shaders\Base\ScreenspaceQuadGraphicsPipeline.h">
      <Filter>Source Files\RenderInterface\Resources\Shaders\Base</Filter>
    </ClInclude>
    <ClInclude Include="Experimental\ExperimentalEngine.h">
      <Filter>Source Files\Experimental</Filter>
    </ClInclude>
    <ClInclude Include="Core\Input\InputDevice.h">
      <Filter>Source Files\Core\Input</Filter>
    </ClInclude>
    <ClInclude Include="Core\Input\Windows\WindowsKeyboardDevice.h">
      <Filter>Source Files\Core\Input\Windows</Filter>
    </ClInclude>
    <ClInclude Include="Core\Input\Windows\WindowsMouseDevice.h">
      <Filter>Source Files\Core\Input\Windows</Filter>
    </ClInclude>
    <ClInclude Include="Core\Input\PlatformInputTypes.h">
      <Filter>Source Files\Core\Input</Filter>
    </ClInclude>
    <ClInclude Include="Core\Input\RawInputBuffer.h">
      <Filter>Source Files\Core\Input</Filter>
    </ClInclude>
    <ClInclude Include="Core\Input\Windows\WindowsRawInputBuffer.h">
      <Filter>Source Files\Core\Input\Windows</Filter>
    </ClInclude>
    <ClInclude Include="Core\Input\MakeBreakKeyCodes.h">
      <Filter>Source Files\Core\Input</Filter>
    </ClInclude>
    <ClInclude Include="Core\Platform\Windows\WindowsCommonHeaders.h">
      <Filter>Source Files\Core\Platform\Windows</Filter>
    </ClInclude>
  </ItemGroup>
  <ItemGroup>
    <None Include="VulkanRI\VulkanInternals\VulkanFunctionLists.inl">
      <Filter>Source Files\VulkanRI\VulkanInternals</Filter>
    </None>
  </ItemGroup>
</Project>